// !$*UTF8*$!
{
	archiveVersion = 1;
	classes = {
	};
	objectVersion = 56;
	objects = {

/* Begin PBXBuildFile section */
		E6A538012C11AE88000BEA20 /* Data Model.swift in Sources */ = {isa = PBXBuildFile; fileRef = E6A538002C11AE88000BEA20 /* Data Model.swift */; };
		E6F53F572C102CB200EEE94D /* AppDelegate.swift in Sources */ = {isa = PBXBuildFile; fileRef = E6F53F562C102CB200EEE94D /* AppDelegate.swift */; };
		E6F53F592C102CB200EEE94D /* SceneDelegate.swift in Sources */ = {isa = PBXBuildFile; fileRef = E6F53F582C102CB200EEE94D /* SceneDelegate.swift */; };
		E6F53F5B2C102CB200EEE94D /* ViewController.swift in Sources */ = {isa = PBXBuildFile; fileRef = E6F53F5A2C102CB200EEE94D /* ViewController.swift */; };
		E6F53F5E2C102CB200EEE94D /* Base in Resources */ = {isa = PBXBuildFile; fileRef = E6F53F5D2C102CB200EEE94D /* Base */; };
		E6F53F602C102CB400EEE94D /* Assets.xcassets in Resources */ = {isa = PBXBuildFile; fileRef = E6F53F5F2C102CB400EEE94D /* Assets.xcassets */; };
		E6F53F632C102CB400EEE94D /* Base in Resources */ = {isa = PBXBuildFile; fileRef = E6F53F622C102CB400EEE94D /* Base */; };
		E6F53F732C10550000EEE94D /* BrandLabelTableViewCell.swift in Sources */ = {isa = PBXBuildFile; fileRef = E6F53F722C10550000EEE94D /* BrandLabelTableViewCell.swift */; };
		E6F53F782C10715E00EEE94D /* BlogTableViewCell.swift in Sources */ = {isa = PBXBuildFile; fileRef = E6F53F772C10715E00EEE94D /* BlogTableViewCell.swift */; };
/* End PBXBuildFile section */

/* Begin PBXFileReference section */
		E6A538002C11AE88000BEA20 /* Data Model.swift */ = {isa = PBXFileReference; lastKnownFileType = sourcecode.swift; path = "Data Model.swift"; sourceTree = "<group>"; };
		E6F53F532C102CB200EEE94D /* tableFinal.app */ = {isa = PBXFileReference; explicitFileType = wrapper.application; includeInIndex = 0; path = tableFinal.app; sourceTree = BUILT_PRODUCTS_DIR; };
		E6F53F562C102CB200EEE94D /* AppDelegate.swift */ = {isa = PBXFileReference; lastKnownFileType = sourcecode.swift; path = AppDelegate.swift; sourceTree = "<group>"; };
		E6F53F582C102CB200EEE94D /* SceneDelegate.swift */ = {isa = PBXFileReference; lastKnownFileType = sourcecode.swift; path = SceneDelegate.swift; sourceTree = "<group>"; };
		E6F53F5A2C102CB200EEE94D /* ViewController.swift */ = {isa = PBXFileReference; lastKnownFileType = sourcecode.swift; path = ViewController.swift; sourceTree = "<group>"; };
		E6F53F5D2C102CB200EEE94D /* Base */ = {isa = PBXFileReference; lastKnownFileType = file.storyboard; name = Base; path = Base.lproj/Main.storyboard; sourceTree = "<group>"; };
		E6F53F5F2C102CB400EEE94D /* Assets.xcassets */ = {isa = PBXFileReference; lastKnownFileType = folder.assetcatalog; path = Assets.xcassets; sourceTree = "<group>"; };
		E6F53F622C102CB400EEE94D /* Base */ = {isa = PBXFileReference; lastKnownFileType = file.storyboard; name = Base; path = Base.lproj/LaunchScreen.storyboard; sourceTree = "<group>"; };
		E6F53F642C102CB400EEE94D /* Info.plist */ = {isa = PBXFileReference; lastKnownFileType = text.plist.xml; path = Info.plist; sourceTree = "<group>"; };
		E6F53F722C10550000EEE94D /* BrandLabelTableViewCell.swift */ = {isa = PBXFileReference; lastKnownFileType = sourcecode.swift; path = BrandLabelTableViewCell.swift; sourceTree = "<group>"; };
		E6F53F772C10715E00EEE94D /* BlogTableViewCell.swift */ = {isa = PBXFileReference; lastKnownFileType = sourcecode.swift; path = BlogTableViewCell.swift; sourceTree = "<group>"; };
/* End PBXFileReference section */

/* Begin PBXFrameworksBuildPhase section */
		E6F53F502C102CB200EEE94D /* Frameworks */ = {
			isa = PBXFrameworksBuildPhase;
			buildActionMask = 2147483647;
			files = (
			);
			runOnlyForDeploymentPostprocessing = 0;
		};
/* End PBXFrameworksBuildPhase section */

/* Begin PBXGroup section */
		E6F53F4A2C102CB200EEE94D = {
			isa = PBXGroup;
			children = (
				E6F53F552C102CB200EEE94D /* tableFinal */,
				E6F53F542C102CB200EEE94D /* Products */,
			);
			sourceTree = "<group>";
		};
		E6F53F542C102CB200EEE94D /* Products */ = {
			isa = PBXGroup;
			children = (
				E6F53F532C102CB200EEE94D /* tableFinal.app */,
			);
			name = Products;
			sourceTree = "<group>";
		};
		E6F53F552C102CB200EEE94D /* tableFinal */ = {
			isa = PBXGroup;
			children = (
				E6F53F742C106F1700EEE94D /* Model */,
				E6F53F562C102CB200EEE94D /* AppDelegate.swift */,
				E6F53F582C102CB200EEE94D /* SceneDelegate.swift */,
				E6F53F5A2C102CB200EEE94D /* ViewController.swift */,
				E6F53F5C2C102CB200EEE94D /* Main.storyboard */,
				E6F53F772C10715E00EEE94D /* BlogTableViewCell.swift */,
				E6F53F5F2C102CB400EEE94D /* Assets.xcassets */,
				E6F53F612C102CB400EEE94D /* LaunchScreen.storyboard */,
				E6F53F642C102CB400EEE94D /* Info.plist */,
				E6F53F722C10550000EEE94D /* BrandLabelTableViewCell.swift */,
			);
			path = tableFinal;
			sourceTree = "<group>";
		};
		E6F53F742C106F1700EEE94D /* Model */ = {
			isa = PBXGroup;
			children = (
				E6A538002C11AE88000BEA20 /* Data Model.swift */,
			);
			path = Model;
			sourceTree = "<group>";
		};
/* End PBXGroup section */

/* Begin PBXNativeTarget section */
		E6F53F522C102CB200EEE94D /* tableFinal */ = {
			isa = PBXNativeTarget;
			buildConfigurationList = E6F53F672C102CB400EEE94D /* Build configuration list for PBXNativeTarget "tableFinal" */;
			buildPhases = (
				E6F53F4F2C102CB200EEE94D /* Sources */,
				E6F53F502C102CB200EEE94D /* Frameworks */,
				E6F53F512C102CB200EEE94D /* Resources */,
			);
			buildRules = (
			);
			dependencies = (
			);
			name = tableFinal;
			productName = tableFinal;
			productReference = E6F53F532C102CB200EEE94D /* tableFinal.app */;
			productType = "com.apple.product-type.application";
		};
/* End PBXNativeTarget section */

/* Begin PBXProject section */
		E6F53F4B2C102CB200EEE94D /* Project object */ = {
			isa = PBXProject;
			attributes = {
				BuildIndependentTargetsInParallel = 1;
				LastSwiftUpdateCheck = 1540;
				LastUpgradeCheck = 1540;
				TargetAttributes = {
					E6F53F522C102CB200EEE94D = {
						CreatedOnToolsVersion = 15.4;
					};
				};
			};
			buildConfigurationList = E6F53F4E2C102CB200EEE94D /* Build configuration list for PBXProject "tableFinal" */;
			compatibilityVersion = "Xcode 14.0";
			developmentRegion = en;
			hasScannedForEncodings = 0;
			knownRegions = (
				en,
				Base,
			);
			mainGroup = E6F53F4A2C102CB200EEE94D;
			productRefGroup = E6F53F542C102CB200EEE94D /* Products */;
			projectDirPath = "";
			projectRoot = "";
			targets = (
				E6F53F522C102CB200EEE94D /* tableFinal */,
			);
		};
/* End PBXProject section */

/* Begin PBXResourcesBuildPhase section */
		E6F53F512C102CB200EEE94D /* Resources */ = {
			isa = PBXResourcesBuildPhase;
			buildActionMask = 2147483647;
			files = (
				E6F53F602C102CB400EEE94D /* Assets.xcassets in Resources */,
				E6F53F632C102CB400EEE94D /* Base in Resources */,
				E6F53F5E2C102CB200EEE94D /* Base in Resources */,
			);
			runOnlyForDeploymentPostprocessing = 0;
		};
/* End PBXResourcesBuildPhase section */

/* Begin PBXSourcesBuildPhase section */
		E6F53F4F2C102CB200EEE94D /* Sources */ = {
			isa = PBXSourcesBuildPhase;
			buildActionMask = 2147483647;
			files = (
				E6A538012C11AE88000BEA20 /* Data Model.swift in Sources */,
				E6F53F732C10550000EEE94D /* BrandLabelTableViewCell.swift in Sources */,
				E6F53F782C10715E00EEE94D /* BlogTableViewCell.swift in Sources */,
				E6F53F5B2C102CB200EEE94D /* ViewController.swift in Sources */,
				E6F53F572C102CB200EEE94D /* AppDelegate.swift in Sources */,
				E6F53F592C102CB200EEE94D /* SceneDelegate.swift in Sources */,
			);
			runOnlyForDeploymentPostprocessing = 0;
		};
/* End PBXSourcesBuildPhase section */

/* Begin PBXVariantGroup section */
		E6F53F5C2C102CB200EEE94D /* Main.storyboard */ = {
			isa = PBXVariantGroup;
			children = (
				E6F53F5D2C102CB200EEE94D /* Base */,
			);
			name = Main.storyboard;
			sourceTree = "<group>";
		};
		E6F53F612C102CB400EEE94D /* LaunchScreen.storyboard */ = {
			isa = PBXVariantGroup;
			children = (
				E6F53F622C102CB400EEE94D /* Base */,
			);
			name = LaunchScreen.storyboard;
			sourceTree = "<group>";
		};
/* End PBXVariantGroup section */

/* Begin XCBuildConfiguration section */
		E6F53F652C102CB400EEE94D /* Debug */ = {
			isa = XCBuildConfiguration;
			buildSettings = {
				ALWAYS_SEARCH_USER_PATHS = NO;
				ASSETCATALOG_COMPILER_GENERATE_SWIFT_ASSET_SYMBOL_EXTENSIONS = YES;
				CLANG_ANALYZER_NONNULL = YES;
				CLANG_ANALYZER_NUMBER_OBJECT_CONVERSION = YES_AGGRESSIVE;
				CLANG_CXX_LANGUAGE_STANDARD = "gnu++20";
				CLANG_ENABLE_MODULES = YES;
				CLANG_ENABLE_OBJC_ARC = YES;
				CLANG_ENABLE_OBJC_WEAK = YES;
				CLANG_WARN_BLOCK_CAPTURE_AUTORELEASING = YES;
				CLANG_WARN_BOOL_CONVERSION = YES;
				CLANG_WARN_COMMA = YES;
				CLANG_WARN_CONSTANT_CONVERSION = YES;
				CLANG_WARN_DEPRECATED_OBJC_IMPLEMENTATIONS = YES;
				CLANG_WARN_DIRECT_OBJC_ISA_USAGE = YES_ERROR;
				CLANG_WARN_DOCUMENTATION_COMMENTS = YES;
				CLANG_WARN_EMPTY_BODY = YES;
				CLANG_WARN_ENUM_CONVERSION = YES;
				CLANG_WARN_INFINITE_RECURSION = YES;
				CLANG_WARN_INT_CONVERSION = YES;
				CLANG_WARN_NON_LITERAL_NULL_CONVERSION = YES;
				CLANG_WARN_OBJC_IMPLICIT_RETAIN_SELF = YES;
				CLANG_WARN_OBJC_LITERAL_CONVERSION = YES;
				CLANG_WARN_OBJC_ROOT_CLASS = YES_ERROR;
				CLANG_WARN_QUOTED_INCLUDE_IN_FRAMEWORK_HEADER = YES;
				CLANG_WARN_RANGE_LOOP_ANALYSIS = YES;
				CLANG_WARN_STRICT_PROTOTYPES = YES;
				CLANG_WARN_SUSPICIOUS_MOVE = YES;
				CLANG_WARN_UNGUARDED_AVAILABILITY = YES_AGGRESSIVE;
				CLANG_WARN_UNREACHABLE_CODE = YES;
				CLANG_WARN__DUPLICATE_METHOD_MATCH = YES;
				COPY_PHASE_STRIP = NO;
				DEBUG_INFORMATION_FORMAT = dwarf;
				ENABLE_STRICT_OBJC_MSGSEND = YES;
				ENABLE_TESTABILITY = YES;
				ENABLE_USER_SCRIPT_SANDBOXING = YES;
				GCC_C_LANGUAGE_STANDARD = gnu17;
				GCC_DYNAMIC_NO_PIC = NO;
				GCC_NO_COMMON_BLOCKS = YES;
				GCC_OPTIMIZATION_LEVEL = 0;
				GCC_PREPROCESSOR_DEFINITIONS = (
					"DEBUG=1",
					"$(inherited)",
				);
				GCC_WARN_64_TO_32_BIT_CONVERSION = YES;
				GCC_WARN_ABOUT_RETURN_TYPE = YES_ERROR;
				GCC_WARN_UNDECLARED_SELECTOR = YES;
				GCC_WARN_UNINITIALIZED_AUTOS = YES_AGGRESSIVE;
				GCC_WARN_UNUSED_FUNCTION = YES;
				GCC_WARN_UNUSED_VARIABLE = YES;
				IPHONEOS_DEPLOYMENT_TARGET = 17.5;
				LOCALIZATION_PREFERS_STRING_CATALOGS = YES;
				MTL_ENABLE_DEBUG_INFO = INCLUDE_SOURCE;
				MTL_FAST_MATH = YES;
				ONLY_ACTIVE_ARCH = YES;
				SDKROOT = iphoneos;
				SWIFT_ACTIVE_COMPILATION_CONDITIONS = "DEBUG $(inherited)";
				SWIFT_OPTIMIZATION_LEVEL = "-Onone";
			};
			name = Debug;
		};
		E6F53F662C102CB400EEE94D /* Release */ = {
			isa = XCBuildConfiguration;
			buildSettings = {
				ALWAYS_SEARCH_USER_PATHS = NO;
				ASSETCATALOG_COMPILER_GENERATE_SWIFT_ASSET_SYMBOL_EXTENSIONS = YES;
				CLANG_ANALYZER_NONNULL = YES;
				CLANG_ANALYZER_NUMBER_OBJECT_CONVERSION = YES_AGGRESSIVE;
				CLANG_CXX_LANGUAGE_STANDARD = "gnu++20";
				CLANG_ENABLE_MODULES = YES;
				CLANG_ENABLE_OBJC_ARC = YES;
				CLANG_ENABLE_OBJC_WEAK = YES;
				CLANG_WARN_BLOCK_CAPTURE_AUTORELEASING = YES;
				CLANG_WARN_BOOL_CONVERSION = YES;
				CLANG_WARN_COMMA = YES;
				CLANG_WARN_CONSTANT_CONVERSION = YES;
				CLANG_WARN_DEPRECATED_OBJC_IMPLEMENTATIONS = YES;
				CLANG_WARN_DIRECT_OBJC_ISA_USAGE = YES_ERROR;
				CLANG_WARN_DOCUMENTATION_COMMENTS = YES;
				CLANG_WARN_EMPTY_BODY = YES;
				CLANG_WARN_ENUM_CONVERSION = YES;
				CLANG_WARN_INFINITE_RECURSION = YES;
				CLANG_WARN_INT_CONVERSION = YES;
				CLANG_WARN_NON_LITERAL_NULL_CONVERSION = YES;
				CLANG_WARN_OBJC_IMPLICIT_RETAIN_SELF = YES;
				CLANG_WARN_OBJC_LITERAL_CONVERSION = YES;
				CLANG_WARN_OBJC_ROOT_CLASS = YES_ERROR;
				CLANG_WARN_QUOTED_INCLUDE_IN_FRAMEWORK_HEADER = YES;
				CLANG_WARN_RANGE_LOOP_ANALYSIS = YES;
				CLANG_WARN_STRICT_PROTOTYPES = YES;
				CLANG_WARN_SUSPICIOUS_MOVE = YES;
				CLANG_WARN_UNGUARDED_AVAILABILITY = YES_AGGRESSIVE;
				CLANG_WARN_UNREACHABLE_CODE = YES;
				CLANG_WARN__DUPLICATE_METHOD_MATCH = YES;
				COPY_PHASE_STRIP = NO;
				DEBUG_INFORMATION_FORMAT = "dwarf-with-dsym";
				ENABLE_NS_ASSERTIONS = NO;
				ENABLE_STRICT_OBJC_MSGSEND = YES;
				ENABLE_USER_SCRIPT_SANDBOXING = YES;
				GCC_C_LANGUAGE_STANDARD = gnu17;
				GCC_NO_COMMON_BLOCKS = YES;
				GCC_WARN_64_TO_32_BIT_CONVERSION = YES;
				GCC_WARN_ABOUT_RETURN_TYPE = YES_ERROR;
				GCC_WARN_UNDECLARED_SELECTOR = YES;
				GCC_WARN_UNINITIALIZED_AUTOS = YES_AGGRESSIVE;
				GCC_WARN_UNUSED_FUNCTION = YES;
				GCC_WARN_UNUSED_VARIABLE = YES;
				IPHONEOS_DEPLOYMENT_TARGET = 17.5;
				LOCALIZATION_PREFERS_STRING_CATALOGS = YES;
				MTL_ENABLE_DEBUG_INFO = NO;
				MTL_FAST_MATH = YES;
				SDKROOT = iphoneos;
				SWIFT_COMPILATION_MODE = wholemodule;
				VALIDATE_PRODUCT = YES;
			};
			name = Release;
		};
		E6F53F682C102CB400EEE94D /* Debug */ = {
			isa = XCBuildConfiguration;
			buildSettings = {
				ASSETCATALOG_COMPILER_APPICON_NAME = AppIcon;
				ASSETCATALOG_COMPILER_GLOBAL_ACCENT_COLOR_NAME = AccentColor;
				CODE_SIGN_STYLE = Automatic;
				CURRENT_PROJECT_VERSION = 1;
				GENERATE_INFOPLIST_FILE = YES;
				INFOPLIST_FILE = tableFinal/Info.plist;
				INFOPLIST_KEY_UIApplicationSupportsIndirectInputEvents = YES;
				INFOPLIST_KEY_UILaunchStoryboardName = LaunchScreen;
				INFOPLIST_KEY_UIMainStoryboardFile = Main;
				INFOPLIST_KEY_UISupportedInterfaceOrientations_iPad = "UIInterfaceOrientationPortrait UIInterfaceOrientationPortraitUpsideDown UIInterfaceOrientationLandscapeLeft UIInterfaceOrientationLandscapeRight";
				INFOPLIST_KEY_UISupportedInterfaceOrientations_iPhone = "UIInterfaceOrientationPortrait UIInterfaceOrientationLandscapeLeft UIInterfaceOrientationLandscapeRight";
				LD_RUNPATH_SEARCH_PATHS = (
					"$(inherited)",
					"@executable_path/Frameworks",
				);
				MARKETING_VERSION = 1.0;
				PRODUCT_BUNDLE_IDENTIFIER = com.PranayJain.tableFinal;
				PRODUCT_NAME = "$(TARGET_NAME)";
				SWIFT_EMIT_LOC_STRINGS = YES;
				SWIFT_VERSION = 5.0;
				TARGETED_DEVICE_FAMILY = "1,2";
			};
			name = Debug;
		};
		E6F53F692C102CB400EEE94D /* Release */ = {
			isa = XCBuildConfiguration;
			buildSettings = {
				ASSETCATALOG_COMPILER_APPICON_NAME = AppIcon;
				ASSETCATALOG_COMPILER_GLOBAL_ACCENT_COLOR_NAME = AccentColor;
				CODE_SIGN_STYLE = Automatic;
				CURRENT_PROJECT_VERSION = 1;
				GENERATE_INFOPLIST_FILE = YES;
				INFOPLIST_FILE = tableFinal/Info.plist;
				INFOPLIST_KEY_UIApplicationSupportsIndirectInputEvents = YES;
				INFOPLIST_KEY_UILaunchStoryboardName = LaunchScreen;
				INFOPLIST_KEY_UIMainStoryboardFile = Main;
				INFOPLIST_KEY_UISupportedInterfaceOrientations_iPad = "UIInterfaceOrientationPortrait UIInterfaceOrientationPortraitUpsideDown UIInterfaceOrientationLandscapeLeft UIInterfaceOrientationLandscapeRight";
				INFOPLIST_KEY_UISupportedInterfaceOrientations_iPhone = "UIInterfaceOrientationPortrait UIInterfaceOrientationLandscapeLeft UIInterfaceOrientationLandscapeRight";
				LD_RUNPATH_SEARCH_PATHS = (
					"$(inherited)",
					"@executable_path/Frameworks",
				);
				MARKETING_VERSION = 1.0;
				PRODUCT_BUNDLE_IDENTIFIER = com.PranayJain.tableFinal;
				PRODUCT_NAME = "$(TARGET_NAME)";
				SWIFT_EMIT_LOC_STRINGS = YES;
				SWIFT_VERSION = 5.0;
				TARGETED_DEVICE_FAMILY = "1,2";
			};
			name = Release;
		};
/* End XCBuildConfiguration section */

/* Begin XCConfigurationList section */
		E6F53F4E2C102CB200EEE94D /* Build configuration list for PBXProject "tableFinal" */ = {
			isa = XCConfigurationList;
			buildConfigurations = (
				E6F53F652C102CB400EEE94D /* Debug */,
				E6F53F662C102CB400EEE94D /* Release */,
			);
			defaultConfigurationIsVisible = 0;
			defaultConfigurationName = Release;
		};
		E6F53F672C102CB400EEE94D /* Build configuration list for PBXNativeTarget "tableFinal" */ = {
			isa = XCConfigurationList;
			buildConfigurations = (
				E6F53F682C102CB400EEE94D /* Debug */,
				E6F53F692C102CB400EEE94D /* Release */,
			);
			defaultConfigurationIsVisible = 0;
			defaultConfigurationName = Release;
		};
/* End XCConfigurationList section */
	};
	rootObject = E6F53F4B2C102CB200EEE94D /* Project object */;
}
